
Microsoft Visual Studio Solution File, Format Version 12.00
# Visual Studio Version 17
VisualStudioVersion = 17.0.32014.148
MinimumVisualStudioVersion = 10.0.40219.1
Project("{FAE04EC0-301F-11D3-BF4B-00C04F79EFBC}") = "MyStudioMedico", "MyStudioMedico\MyStudioMedico.csproj", "{A93AB265-4D7E-4BC0-A303-17F4E241F6F5}"
EndProject
Global
	GlobalSection(SolutionConfigurationPlatforms) = preSolution
		Debug|Any CPU = Debug|Any CPU
		Release|Any CPU = Release|Any CPU
	EndGlobalSection
	GlobalSection(ProjectConfigurationPlatforms) = postSolution
		{A93AB265-4D7E-4BC0-A303-17F4E241F6F5}.Debug|Any CPU.ActiveCfg = Debug|Any CPU
		{A93AB265-4D7E-4BC0-A303-17F4E241F6F5}.Debug|Any CPU.Build.0 = Debug|Any CPU
		{A93AB265-4D7E-4BC0-A303-17F4E241F6F5}.Release|Any CPU.ActiveCfg = Release|Any CPU
		{A93AB265-4D7E-4BC0-A303-17F4E241F6F5}.Release|Any CPU.Build.0 = Release|Any CPU
	EndGlobalSection
	GlobalSection(SolutionProperties) = preSolution
		HideSolutionNode = FALSE
	EndGlobalSection
	GlobalSection(ExtensibilityGlobals) = postSolution
		SolutionGuid = {363BBE0C-76A9-454D-B68F-75984DF6E9F0}
	EndGlobalSection
EndGlobal
